
Microsoft Visual Studio Solution File, Format Version 12.00
# Visual Studio Version 16
VisualStudioVersion = 16.0.30503.244
MinimumVisualStudioVersion = 10.0.40219.1
Project("{FAE04EC0-301F-11D3-BF4B-00C04F79EFBC}") = "Entschlüssel Verschlüsseln", "Entschlüssel Verschlüsseln\Entschlüssel Verschlüsseln.csproj", "{623DE2FA-A28F-4BA0-8CDB-26236377D624}"
EndProject
Global
	GlobalSection(SolutionConfigurationPlatforms) = preSolution
		Debug|Any CPU = Debug|Any CPU
		Release|Any CPU = Release|Any CPU
	EndGlobalSection
	GlobalSection(ProjectConfigurationPlatforms) = postSolution
		{623DE2FA-A28F-4BA0-8CDB-26236377D624}.Debug|Any CPU.ActiveCfg = Debug|Any CPU
		{623DE2FA-A28F-4BA0-8CDB-26236377D624}.Debug|Any CPU.Build.0 = Debug|Any CPU
		{623DE2FA-A28F-4BA0-8CDB-26236377D624}.Release|Any CPU.ActiveCfg = Release|Any CPU
		{623DE2FA-A28F-4BA0-8CDB-26236377D624}.Release|Any CPU.Build.0 = Release|Any CPU
	EndGlobalSection
	GlobalSection(SolutionProperties) = preSolution
		HideSolutionNode = FALSE
	EndGlobalSection
	GlobalSection(ExtensibilityGlobals) = postSolution
		SolutionGuid = {EF6A094B-FCA4-44CC-8E96-4B8DA3556CC7}
	EndGlobalSection
EndGlobal
